Microsoft Visual Studio Solution File, Format Version 12.00
# Visual Studio 2012
Project("{FAE04EC0-301F-11D3-BF4B-00C04F79EFBC}") = "01-First 2D platformer", "01-First 2D platformer.csproj", "{30032BF2-44B7-43B8-AB29-0A6A6079EDD8}"
EndProject
Global
	GlobalSection(SolutionConfigurationPlatforms) = preSolution
	Debug|Any CPU = Debug|Any CPU
	ExportDebug|Any CPU = ExportDebug|Any CPU
	ExportRelease|Any CPU = ExportRelease|Any CPU
	EndGlobalSection
	GlobalSection(ProjectConfigurationPlatforms) = postSolution
		{30032BF2-44B7-43B8-AB29-0A6A6079EDD8}.Debug|Any CPU.ActiveCfg = Debug|Any CPU
		{30032BF2-44B7-43B8-AB29-0A6A6079EDD8}.Debug|Any CPU.Build.0 = Debug|Any CPU
		{30032BF2-44B7-43B8-AB29-0A6A6079EDD8}.ExportDebug|Any CPU.ActiveCfg = ExportDebug|Any CPU
		{30032BF2-44B7-43B8-AB29-0A6A6079EDD8}.ExportDebug|Any CPU.Build.0 = ExportDebug|Any CPU
		{30032BF2-44B7-43B8-AB29-0A6A6079EDD8}.ExportRelease|Any CPU.ActiveCfg = ExportRelease|Any CPU
		{30032BF2-44B7-43B8-AB29-0A6A6079EDD8}.ExportRelease|Any CPU.Build.0 = ExportRelease|Any CPU
	EndGlobalSection
EndGlobal
