Microsoft Visual Studio Solution File, Format Version 12.00
# Visual Studio 2012
Project("{FAE04EC0-301F-11D3-BF4B-00C04F79EFBC}") = "02-2d Platform Character", "02-2d Platform Character.csproj", "{CE35BFDA-70C1-4409-87CE-A596FF476060}"
EndProject
Global
	GlobalSection(SolutionConfigurationPlatforms) = preSolution
	Debug|Any CPU = Debug|Any CPU
	ExportDebug|Any CPU = ExportDebug|Any CPU
	ExportRelease|Any CPU = ExportRelease|Any CPU
	EndGlobalSection
	GlobalSection(ProjectConfigurationPlatforms) = postSolution
		{CE35BFDA-70C1-4409-87CE-A596FF476060}.Debug|Any CPU.ActiveCfg = Debug|Any CPU
		{CE35BFDA-70C1-4409-87CE-A596FF476060}.Debug|Any CPU.Build.0 = Debug|Any CPU
		{CE35BFDA-70C1-4409-87CE-A596FF476060}.ExportDebug|Any CPU.ActiveCfg = ExportDebug|Any CPU
		{CE35BFDA-70C1-4409-87CE-A596FF476060}.ExportDebug|Any CPU.Build.0 = ExportDebug|Any CPU
		{CE35BFDA-70C1-4409-87CE-A596FF476060}.ExportRelease|Any CPU.ActiveCfg = ExportRelease|Any CPU
		{CE35BFDA-70C1-4409-87CE-A596FF476060}.ExportRelease|Any CPU.Build.0 = ExportRelease|Any CPU
	EndGlobalSection
EndGlobal
