Microsoft Visual Studio Solution File, Format Version 12.00
# Visual Studio 2012
Project("{FAE04EC0-301F-11D3-BF4B-00C04F79EFBC}") = "02.2-Steering Demo", "02.2-Steering Demo.csproj", "{DEC1D6E6-A2DA-4E48-B7FE-F15371D61498}"
EndProject
Global
	GlobalSection(SolutionConfigurationPlatforms) = preSolution
	Debug|Any CPU = Debug|Any CPU
	ExportDebug|Any CPU = ExportDebug|Any CPU
	ExportRelease|Any CPU = ExportRelease|Any CPU
	EndGlobalSection
	GlobalSection(ProjectConfigurationPlatforms) = postSolution
		{DEC1D6E6-A2DA-4E48-B7FE-F15371D61498}.Debug|Any CPU.ActiveCfg = Debug|Any CPU
		{DEC1D6E6-A2DA-4E48-B7FE-F15371D61498}.Debug|Any CPU.Build.0 = Debug|Any CPU
		{DEC1D6E6-A2DA-4E48-B7FE-F15371D61498}.ExportDebug|Any CPU.ActiveCfg = ExportDebug|Any CPU
		{DEC1D6E6-A2DA-4E48-B7FE-F15371D61498}.ExportDebug|Any CPU.Build.0 = ExportDebug|Any CPU
		{DEC1D6E6-A2DA-4E48-B7FE-F15371D61498}.ExportRelease|Any CPU.ActiveCfg = ExportRelease|Any CPU
		{DEC1D6E6-A2DA-4E48-B7FE-F15371D61498}.ExportRelease|Any CPU.Build.0 = ExportRelease|Any CPU
	EndGlobalSection
EndGlobal
